
Microsoft Visual Studio Solution File, Format Version 12.00
# Visual Studio Version 16
VisualStudioVersion = 16.0.28803.352
MinimumVisualStudioVersion = 10.0.40219.1
Project("{FAE04EC0-301F-11D3-BF4B-00C04F79EFBC}") = "ThienCoreApp", "ThienCoreApp\ThienCoreApp.csproj", "{8EA705B9-7330-4D48-9FD1-A9093ABB86EE}"
EndProject
Project("{2150E333-8FDC-42A3-9474-1A3956D46DE8}") = "1-Presentation", "1-Presentation", "{0790C3C3-356E-4CA7-8B6B-B9D4706AEA67}"
EndProject
Project("{2150E333-8FDC-42A3-9474-1A3956D46DE8}") = "2-Application", "2-Application", "{689DDAB1-9AE9-4E02-B74E-0800E88992A7}"
EndProject
Project("{2150E333-8FDC-42A3-9474-1A3956D46DE8}") = "3-Domain", "3-Domain", "{650C3844-544A-40E7-B484-2C551D5FC201}"
EndProject
Project("{2150E333-8FDC-42A3-9474-1A3956D46DE8}") = "4-Infrastructure", "4-Infrastructure", "{6346582D-CB93-4BC1-A731-8DCE3F06113F}"
EndProject
Project("{FAE04EC0-301F-11D3-BF4B-00C04F79EFBC}") = "ThienCoreApp.Application", "ThienCoreApp.Application\ThienCoreApp.Application.csproj", "{83155E5B-3735-4302-A2C1-D4E64B3B6593}"
EndProject
Project("{FAE04EC0-301F-11D3-BF4B-00C04F79EFBC}") = "ThienCoreApp.Data", "ThienCoreApp.Data\ThienCoreApp.Data.csproj", "{4557F651-7881-4AEA-86CA-F273030A8EC2}"
EndProject
Project("{FAE04EC0-301F-11D3-BF4B-00C04F79EFBC}") = "ThienCoreApp.Data.EF", "ThienCoreApp.Data.EF\ThienCoreApp.Data.EF.csproj", "{0050514D-E101-4216-B620-A54BC3993142}"
EndProject
Project("{FAE04EC0-301F-11D3-BF4B-00C04F79EFBC}") = "ThienCoreApp.Infrastructure", "ThienCoreApp.Infrastructure\ThienCoreApp.Infrastructure.csproj", "{E8DA24FB-FF5B-4A60-BA59-23D5A3F521CC}"
EndProject
Project("{FAE04EC0-301F-11D3-BF4B-00C04F79EFBC}") = "ThienCoreApp.Utilities", "ThienCoreApp.Utilities\ThienCoreApp.Utilities.csproj", "{0EF7B929-B52C-4684-B551-F4BC4BC8AE80}"
EndProject
Global
	GlobalSection(SolutionConfigurationPlatforms) = preSolution
		Debug|Any CPU = Debug|Any CPU
		Release|Any CPU = Release|Any CPU
	EndGlobalSection
	GlobalSection(ProjectConfigurationPlatforms) = postSolution
		{8EA705B9-7330-4D48-9FD1-A9093ABB86EE}.Debug|Any CPU.ActiveCfg = Debug|Any CPU
		{8EA705B9-7330-4D48-9FD1-A9093ABB86EE}.Debug|Any CPU.Build.0 = Debug|Any CPU
		{8EA705B9-7330-4D48-9FD1-A9093ABB86EE}.Release|Any CPU.ActiveCfg = Release|Any CPU
		{8EA705B9-7330-4D48-9FD1-A9093ABB86EE}.Release|Any CPU.Build.0 = Release|Any CPU
		{83155E5B-3735-4302-A2C1-D4E64B3B6593}.Debug|Any CPU.ActiveCfg = Debug|Any CPU
		{83155E5B-3735-4302-A2C1-D4E64B3B6593}.Debug|Any CPU.Build.0 = Debug|Any CPU
		{83155E5B-3735-4302-A2C1-D4E64B3B6593}.Release|Any CPU.ActiveCfg = Release|Any CPU
		{83155E5B-3735-4302-A2C1-D4E64B3B6593}.Release|Any CPU.Build.0 = Release|Any CPU
		{4557F651-7881-4AEA-86CA-F273030A8EC2}.Debug|Any CPU.ActiveCfg = Debug|Any CPU
		{4557F651-7881-4AEA-86CA-F273030A8EC2}.Debug|Any CPU.Build.0 = Debug|Any CPU
		{4557F651-7881-4AEA-86CA-F273030A8EC2}.Release|Any CPU.ActiveCfg = Release|Any CPU
		{4557F651-7881-4AEA-86CA-F273030A8EC2}.Release|Any CPU.Build.0 = Release|Any CPU
		{0050514D-E101-4216-B620-A54BC3993142}.Debug|Any CPU.ActiveCfg = Debug|Any CPU
		{0050514D-E101-4216-B620-A54BC3993142}.Debug|Any CPU.Build.0 = Debug|Any CPU
		{0050514D-E101-4216-B620-A54BC3993142}.Release|Any CPU.ActiveCfg = Release|Any CPU
		{0050514D-E101-4216-B620-A54BC3993142}.Release|Any CPU.Build.0 = Release|Any CPU
		{E8DA24FB-FF5B-4A60-BA59-23D5A3F521CC}.Debug|Any CPU.ActiveCfg = Debug|Any CPU
		{E8DA24FB-FF5B-4A60-BA59-23D5A3F521CC}.Debug|Any CPU.Build.0 = Debug|Any CPU
		{E8DA24FB-FF5B-4A60-BA59-23D5A3F521CC}.Release|Any CPU.ActiveCfg = Release|Any CPU
		{E8DA24FB-FF5B-4A60-BA59-23D5A3F521CC}.Release|Any CPU.Build.0 = Release|Any CPU
		{0EF7B929-B52C-4684-B551-F4BC4BC8AE80}.Debug|Any CPU.ActiveCfg = Debug|Any CPU
		{0EF7B929-B52C-4684-B551-F4BC4BC8AE80}.Debug|Any CPU.Build.0 = Debug|Any CPU
		{0EF7B929-B52C-4684-B551-F4BC4BC8AE80}.Release|Any CPU.ActiveCfg = Release|Any CPU
		{0EF7B929-B52C-4684-B551-F4BC4BC8AE80}.Release|Any CPU.Build.0 = Release|Any CPU
	EndGlobalSection
	GlobalSection(SolutionProperties) = preSolution
		HideSolutionNode = FALSE
	EndGlobalSection
	GlobalSection(NestedProjects) = preSolution
		{8EA705B9-7330-4D48-9FD1-A9093ABB86EE} = {0790C3C3-356E-4CA7-8B6B-B9D4706AEA67}
		{83155E5B-3735-4302-A2C1-D4E64B3B6593} = {689DDAB1-9AE9-4E02-B74E-0800E88992A7}
		{4557F651-7881-4AEA-86CA-F273030A8EC2} = {650C3844-544A-40E7-B484-2C551D5FC201}
		{0050514D-E101-4216-B620-A54BC3993142} = {650C3844-544A-40E7-B484-2C551D5FC201}
		{E8DA24FB-FF5B-4A60-BA59-23D5A3F521CC} = {6346582D-CB93-4BC1-A731-8DCE3F06113F}
		{0EF7B929-B52C-4684-B551-F4BC4BC8AE80} = {6346582D-CB93-4BC1-A731-8DCE3F06113F}
	EndGlobalSection
	GlobalSection(ExtensibilityGlobals) = postSolution
		SolutionGuid = {B2EE670B-E94A-4CA4-90C5-FA9B50A800C1}
	EndGlobalSection
EndGlobal
